<?xml version="1.0" encoding="utf-8"?>
<Project ToolsVersion="4.0" xmlns="http://schemas.microsoft.com/developer/msbuild/2003">
  <ItemGroup>
    <ClInclude Include="..\src\LLGI.Base.h" />
    <ClInclude Include="..\src\G3\LLGI.G3.CommandList.h">
      <Filter>G3</Filter>
    </ClInclude>
    <ClInclude Include="..\src\G3\LLGI.G3.ConstantBuffer.h">
      <Filter>G3</Filter>
    </ClInclude>
    <ClInclude Include="..\src\G3\LLGI.G3.Graphics.h">
      <Filter>G3</Filter>
    </ClInclude>
    <ClInclude Include="..\src\G3\LLGI.G3.IndexBuffer.h">
      <Filter>G3</Filter>
    </ClInclude>
    <ClInclude Include="..\src\G3\LLGI.G3.PipelineState.h">
      <Filter>G3</Filter>
    </ClInclude>
    <ClInclude Include="..\src\G3\LLGI.G3.Platform.h">
      <Filter>G3</Filter>
    </ClInclude>
    <ClInclude Include="..\src\G3\LLGI.G3.Shader.h">
      <Filter>G3</Filter>
    </ClInclude>
    <ClInclude Include="..\src\G3\LLGI.G3.VertexBuffer.h">
      <Filter>G3</Filter>
    </ClInclude>
    <ClInclude Include="..\src\G3\LLGI.G3.Texture.h">
      <Filter>G3</Filter>
    </ClInclude>
    <ClInclude Include="..\src\G3\LLGI.G3.Compiler.h">
      <Filter>G3</Filter>
    </ClInclude>
    <ClInclude Include="..\src\Win\LLGI.WindowWin.h">
      <Filter>Win</Filter>
    </ClInclude>
    <ClInclude Include="..\src\LLGI.CommandList.h" />
    <ClInclude Include="..\src\LLGI.Compiler.h" />
    <ClInclude Include="..\src\LLGI.ConstantBuffer.h" />
    <ClInclude Include="..\src\LLGI.Graphics.h" />
    <ClInclude Include="..\src\LLGI.IndexBuffer.h" />
    <ClInclude Include="..\src\LLGI.PipelineState.h" />
    <ClInclude Include="..\src\LLGI.Platform.h" />
    <ClInclude Include="..\src\LLGI.Shader.h" />
    <ClInclude Include="..\src\LLGI.Texture.h" />
    <ClInclude Include="..\src\LLGI.VertexBuffer.h" />
    <ClInclude Include="..\src\DX12\LLGI.BaseDX12.h">
      <Filter>DX12</Filter>
    </ClInclude>
    <ClInclude Include="..\src\DX12\LLGI.CommandListDX12.h">
      <Filter>DX12</Filter>
    </ClInclude>
    <ClInclude Include="..\src\DX12\LLGI.CompilerDX12.h">
      <Filter>DX12</Filter>
    </ClInclude>
    <ClInclude Include="..\src\DX12\LLGI.ConstantBufferDX12.h">
      <Filter>DX12</Filter>
    </ClInclude>
    <ClInclude Include="..\src\DX12\LLGI.GraphicsDX12.h">
      <Filter>DX12</Filter>
    </ClInclude>
    <ClInclude Include="..\src\DX12\LLGI.IndexBufferDX12.h">
      <Filter>DX12</Filter>
    </ClInclude>
    <ClInclude Include="..\src\DX12\LLGI.PipelineStateDX12.h">
      <Filter>DX12</Filter>
    </ClInclude>
    <ClInclude Include="..\src\DX12\LLGI.PlatformDX12.h">
      <Filter>DX12</Filter>
    </ClInclude>
    <ClInclude Include="..\src\DX12\LLGI.ShaderDX12.h">
      <Filter>DX12</Filter>
    </ClInclude>
    <ClInclude Include="..\src\DX12\LLGI.VertexBufferDX12.h">
      <Filter>DX12</Filter>
    </ClInclude>
  </ItemGroup>
  <ItemGroup>
    <Filter Include="G3">
      <UniqueIdentifier>{905ccd25-b91d-40e9-9a1f-ff339aa86a34}</UniqueIdentifier>
    </Filter>
    <Filter Include="Win">
      <UniqueIdentifier>{ba361f63-6439-4616-b9fb-610ae8e4a6e3}</UniqueIdentifier>
    </Filter>
    <Filter Include="PC">
      <UniqueIdentifier>{6126c703-3b87-495d-a49d-b64e19bebece}</UniqueIdentifier>
    </Filter>
    <Filter Include="DX12">
      <UniqueIdentifier>{572c3c29-226f-4618-8b81-5c2bbcd7f652}</UniqueIdentifier>
    </Filter>
  </ItemGroup>
  <ItemGroup>
    <ClCompile Include="..\src\G3\LLGI.G3.CommandList.cpp">
      <Filter>G3</Filter>
    </ClCompile>
    <ClCompile Include="..\src\G3\LLGI.G3.ConstantBuffer.cpp">
      <Filter>G3</Filter>
    </ClCompile>
    <ClCompile Include="..\src\G3\LLGI.G3.Graphics.cpp">
      <Filter>G3</Filter>
    </ClCompile>
    <ClCompile Include="..\src\G3\LLGI.G3.IndexBuffer.cpp">
      <Filter>G3</Filter>
    </ClCompile>
    <ClCompile Include="..\src\G3\LLGI.G3.PipelineState.cpp">
      <Filter>G3</Filter>
    </ClCompile>
    <ClCompile Include="..\src\G3\LLGI.G3.Platform.cpp">
      <Filter>G3</Filter>
    </ClCompile>
    <ClCompile Include="..\src\G3\LLGI.G3.Shader.cpp">
      <Filter>G3</Filter>
    </ClCompile>
    <ClCompile Include="..\src\G3\LLGI.G3.VertexBuffer.cpp">
      <Filter>G3</Filter>
    </ClCompile>
    <ClCompile Include="..\src\G3\LLGI.G3.Texture.cpp">
      <Filter>G3</Filter>
    </ClCompile>
    <ClCompile Include="..\src\G3\LLGI.G3.Compiler.cpp">
      <Filter>G3</Filter>
    </ClCompile>
    <ClCompile Include="..\src\Win\LLGI.WindowWin.cpp">
      <Filter>Win</Filter>
    </ClCompile>
    <ClCompile Include="..\src\LLGI.CommandList.cpp" />
    <ClCompile Include="..\src\LLGI.Compiler.cpp" />
    <ClCompile Include="..\src\LLGI.ConstantBuffer.cpp" />
    <ClCompile Include="..\src\LLGI.Graphics.cpp" />
    <ClCompile Include="..\src\LLGI.IndexBuffer.cpp" />
    <ClCompile Include="..\src\LLGI.PipelineState.cpp" />
    <ClCompile Include="..\src\LLGI.Platform.cpp" />
    <ClCompile Include="..\src\LLGI.Shader.cpp" />
    <ClCompile Include="..\src\LLGI.Texture.cpp" />
    <ClCompile Include="..\src\LLGI.VertexBuffer.cpp" />
    <ClCompile Include="..\src\PC\LLGI.CreatePC.cpp">
      <Filter>PC</Filter>
    </ClCompile>
    <ClCompile Include="..\src\DX12\LLGI.CommandListDX12.cpp">
      <Filter>DX12</Filter>
    </ClCompile>
    <ClCompile Include="..\src\DX12\LLGI.CompilerDX12.cpp">
      <Filter>DX12</Filter>
    </ClCompile>
    <ClCompile Include="..\src\DX12\LLGI.ConstantBufferDX12.cpp">
      <Filter>DX12</Filter>
    </ClCompile>
    <ClCompile Include="..\src\DX12\LLGI.GraphicsDX12.cpp">
      <Filter>DX12</Filter>
    </ClCompile>
    <ClCompile Include="..\src\DX12\LLGI.IndexBufferDX12.cpp">
      <Filter>DX12</Filter>
    </ClCompile>
    <ClCompile Include="..\src\DX12\LLGI.PipelineStateDX12.cpp">
      <Filter>DX12</Filter>
    </ClCompile>
    <ClCompile Include="..\src\DX12\LLGI.PlatformDX12.cpp">
      <Filter>DX12</Filter>
    </ClCompile>
    <ClCompile Include="..\src\DX12\LLGI.ShaderDX12.cpp">
      <Filter>DX12</Filter>
    </ClCompile>
    <ClCompile Include="..\src\DX12\LLGI.VertexBufferDX12.cpp">
      <Filter>DX12</Filter>
    </ClCompile>
  </ItemGroup>
</Project>