<?xml version="1.0" encoding="utf-8"?>
<Project ToolsVersion="4.0" xmlns="http://schemas.microsoft.com/developer/msbuild/2003">
  <ItemGroup>
    <ClInclude Include="..\src\Win\LLGI.WindowWin.h">
      <Filter>Win</Filter>
    </ClInclude>
    <ClInclude Include="..\src\DX12\LLGI.BaseDX12.h">
      <Filter>DX12</Filter>
    </ClInclude>
    <ClInclude Include="..\src\DX12\LLGI.CommandListDX12.h">
      <Filter>DX12</Filter>
    </ClInclude>
    <ClInclude Include="..\src\DX12\LLGI.CompilerDX12.h">
      <Filter>DX12</Filter>
    </ClInclude>
    <ClInclude Include="..\src\DX12\LLGI.ConstantBufferDX12.h">
      <Filter>DX12</Filter>
    </ClInclude>
    <ClInclude Include="..\src\DX12\LLGI.GraphicsDX12.h">
      <Filter>DX12</Filter>
    </ClInclude>
    <ClInclude Include="..\src\DX12\LLGI.IndexBufferDX12.h">
      <Filter>DX12</Filter>
    </ClInclude>
    <ClInclude Include="..\src\DX12\LLGI.PipelineStateDX12.h">
      <Filter>DX12</Filter>
    </ClInclude>
    <ClInclude Include="..\src\DX12\LLGI.PlatformDX12.h">
      <Filter>DX12</Filter>
    </ClInclude>
    <ClInclude Include="..\src\DX12\LLGI.ShaderDX12.h">
      <Filter>DX12</Filter>
    </ClInclude>
    <ClInclude Include="..\src\DX12\LLGI.VertexBufferDX12.h">
      <Filter>DX12</Filter>
    </ClInclude>
    <ClInclude Include="..\src\DX12\LLGI.TextureDX12.h">
      <Filter>DX12</Filter>
    </ClInclude>
    <ClInclude Include="..\src\LLGI.Base.h">
      <Filter>Base</Filter>
    </ClInclude>
    <ClInclude Include="..\src\LLGI.CommandList.h">
      <Filter>Base</Filter>
    </ClInclude>
    <ClInclude Include="..\src\LLGI.Compiler.h">
      <Filter>Base</Filter>
    </ClInclude>
    <ClInclude Include="..\src\LLGI.ConstantBuffer.h">
      <Filter>Base</Filter>
    </ClInclude>
    <ClInclude Include="..\src\LLGI.Graphics.h">
      <Filter>Base</Filter>
    </ClInclude>
    <ClInclude Include="..\src\LLGI.IndexBuffer.h">
      <Filter>Base</Filter>
    </ClInclude>
    <ClInclude Include="..\src\LLGI.PipelineState.h">
      <Filter>Base</Filter>
    </ClInclude>
    <ClInclude Include="..\src\LLGI.Platform.h">
      <Filter>Base</Filter>
    </ClInclude>
    <ClInclude Include="..\src\LLGI.Shader.h">
      <Filter>Base</Filter>
    </ClInclude>
    <ClInclude Include="..\src\LLGI.Texture.h">
      <Filter>Base</Filter>
    </ClInclude>
    <ClInclude Include="..\src\LLGI.VertexBuffer.h">
      <Filter>Base</Filter>
    </ClInclude>
    <ClInclude Include="..\src\DX12\LLGI.DescriptorHeapDX12.h">
      <Filter>DX12</Filter>
    </ClInclude>
    <ClInclude Include="..\src\DX12\LLGI.RenderPassDX12.h">
      <Filter>DX12</Filter>
    </ClInclude>
    <ClInclude Include="..\src\DX12\LLGI.RenderPassPipelineStateDX12.h">
      <Filter>DX12</Filter>
    </ClInclude>
  </ItemGroup>
  <ItemGroup>
    <Filter Include="Win">
      <UniqueIdentifier>{ba361f63-6439-4616-b9fb-610ae8e4a6e3}</UniqueIdentifier>
    </Filter>
    <Filter Include="PC">
      <UniqueIdentifier>{6126c703-3b87-495d-a49d-b64e19bebece}</UniqueIdentifier>
    </Filter>
    <Filter Include="DX12">
      <UniqueIdentifier>{572c3c29-226f-4618-8b81-5c2bbcd7f652}</UniqueIdentifier>
    </Filter>
    <Filter Include="Base">
      <UniqueIdentifier>{b743d897-99ab-4db5-91b9-4c4244a3115d}</UniqueIdentifier>
    </Filter>
  </ItemGroup>
  <ItemGroup>
    <ClCompile Include="..\src\Win\LLGI.WindowWin.cpp">
      <Filter>Win</Filter>
    </ClCompile>
    <ClCompile Include="..\src\PC\LLGI.CreatePC.cpp">
      <Filter>PC</Filter>
    </ClCompile>
    <ClCompile Include="..\src\DX12\LLGI.CommandListDX12.cpp">
      <Filter>DX12</Filter>
    </ClCompile>
    <ClCompile Include="..\src\DX12\LLGI.CompilerDX12.cpp">
      <Filter>DX12</Filter>
    </ClCompile>
    <ClCompile Include="..\src\DX12\LLGI.ConstantBufferDX12.cpp">
      <Filter>DX12</Filter>
    </ClCompile>
    <ClCompile Include="..\src\DX12\LLGI.GraphicsDX12.cpp">
      <Filter>DX12</Filter>
    </ClCompile>
    <ClCompile Include="..\src\DX12\LLGI.IndexBufferDX12.cpp">
      <Filter>DX12</Filter>
    </ClCompile>
    <ClCompile Include="..\src\DX12\LLGI.PipelineStateDX12.cpp">
      <Filter>DX12</Filter>
    </ClCompile>
    <ClCompile Include="..\src\DX12\LLGI.PlatformDX12.cpp">
      <Filter>DX12</Filter>
    </ClCompile>
    <ClCompile Include="..\src\DX12\LLGI.ShaderDX12.cpp">
      <Filter>DX12</Filter>
    </ClCompile>
    <ClCompile Include="..\src\DX12\LLGI.VertexBufferDX12.cpp">
      <Filter>DX12</Filter>
    </ClCompile>
    <ClCompile Include="..\src\DX12\LLGI.TextureDX12.cpp">
      <Filter>DX12</Filter>
    </ClCompile>
    <ClCompile Include="..\src\LLGI.CommandList.cpp">
      <Filter>Base</Filter>
    </ClCompile>
    <ClCompile Include="..\src\LLGI.Compiler.cpp">
      <Filter>Base</Filter>
    </ClCompile>
    <ClCompile Include="..\src\LLGI.ConstantBuffer.cpp">
      <Filter>Base</Filter>
    </ClCompile>
    <ClCompile Include="..\src\LLGI.Graphics.cpp">
      <Filter>Base</Filter>
    </ClCompile>
    <ClCompile Include="..\src\LLGI.IndexBuffer.cpp">
      <Filter>Base</Filter>
    </ClCompile>
    <ClCompile Include="..\src\LLGI.PipelineState.cpp">
      <Filter>Base</Filter>
    </ClCompile>
    <ClCompile Include="..\src\LLGI.Platform.cpp">
      <Filter>Base</Filter>
    </ClCompile>
    <ClCompile Include="..\src\LLGI.Shader.cpp">
      <Filter>Base</Filter>
    </ClCompile>
    <ClCompile Include="..\src\LLGI.Texture.cpp">
      <Filter>Base</Filter>
    </ClCompile>
    <ClCompile Include="..\src\LLGI.VertexBuffer.cpp">
      <Filter>Base</Filter>
    </ClCompile>
    <ClCompile Include="..\src\DX12\LLGI.DescriptorHeapDX12.cpp">
      <Filter>DX12</Filter>
    </ClCompile>
    <ClCompile Include="..\src\DX12\LLGI.RenderPassDX12.cpp">
      <Filter>DX12</Filter>
    </ClCompile>
    <ClCompile Include="..\src\DX12\LLGI.RenderPassPipelineStateDX12.cpp">
      <Filter>DX12</Filter>
    </ClCompile>
  </ItemGroup>
</Project>